
Microsoft Visual Studio Solution File, Format Version 12.00
# Visual Studio Version 17
VisualStudioVersion = 17.13.35931.197 d17.13
MinimumVisualStudioVersion = 10.0.40219.1
Project("{FAE04EC0-301F-11D3-BF4B-00C04F79EFBC}") = "ServerApp", "SeaBattleOnline\ServerApp.csproj", "{D6357048-32E3-48B1-9B3E-4873817D52DA}"
EndProject
Project("{FAE04EC0-301F-11D3-BF4B-00C04F79EFBC}") = "ClientApp", "ClientApp\ClientApp.csproj", "{AA9DD322-643C-4C6E-92E7-BE501BAF8B8C}"
EndProject
Project("{FAE04EC0-301F-11D3-BF4B-00C04F79EFBC}") = "Shared", "Shared\Shared.csproj", "{422F190C-C2BC-4571-B818-5D38868EDC24}"
EndProject
Global
	GlobalSection(SolutionConfigurationPlatforms) = preSolution
		Debug|Any CPU = Debug|Any CPU
		Release|Any CPU = Release|Any CPU
	EndGlobalSection
	GlobalSection(ProjectConfigurationPlatforms) = postSolution
		{D6357048-32E3-48B1-9B3E-4873817D52DA}.Debug|Any CPU.ActiveCfg = Debug|Any CPU
		{D6357048-32E3-48B1-9B3E-4873817D52DA}.Debug|Any CPU.Build.0 = Debug|Any CPU
		{D6357048-32E3-48B1-9B3E-4873817D52DA}.Release|Any CPU.ActiveCfg = Release|Any CPU
		{D6357048-32E3-48B1-9B3E-4873817D52DA}.Release|Any CPU.Build.0 = Release|Any CPU
		{AA9DD322-643C-4C6E-92E7-BE501BAF8B8C}.Debug|Any CPU.ActiveCfg = Debug|Any CPU
		{AA9DD322-643C-4C6E-92E7-BE501BAF8B8C}.Debug|Any CPU.Build.0 = Debug|Any CPU
		{AA9DD322-643C-4C6E-92E7-BE501BAF8B8C}.Release|Any CPU.ActiveCfg = Release|Any CPU
		{AA9DD322-643C-4C6E-92E7-BE501BAF8B8C}.Release|Any CPU.Build.0 = Release|Any CPU
		{422F190C-C2BC-4571-B818-5D38868EDC24}.Debug|Any CPU.ActiveCfg = Debug|Any CPU
		{422F190C-C2BC-4571-B818-5D38868EDC24}.Debug|Any CPU.Build.0 = Debug|Any CPU
		{422F190C-C2BC-4571-B818-5D38868EDC24}.Release|Any CPU.ActiveCfg = Release|Any CPU
		{422F190C-C2BC-4571-B818-5D38868EDC24}.Release|Any CPU.Build.0 = Release|Any CPU
	EndGlobalSection
	GlobalSection(SolutionProperties) = preSolution
		HideSolutionNode = FALSE
	EndGlobalSection
	GlobalSection(ExtensibilityGlobals) = postSolution
		SolutionGuid = {5F0F6EB7-E330-4652-8A7B-4D924DAC629C}
	EndGlobalSection
EndGlobal
